
Microsoft Visual Studio Solution File, Format Version 12.00
# Visual Studio Version 17
VisualStudioVersion = 17.0.31903.59
MinimumVisualStudioVersion = 10.0.40219.1
Project("{FAE04EC0-301F-11D3-BF4B-00C04F79EFBC}") = "WorkshopDemoAPI", "WorkshopDemoAPI\WorkshopDemoAPI.csproj", "{B996ED24-0B04-4ABC-AE39-4C22F4D1561E}"
EndProject
Project("{FAE04EC0-301F-11D3-BF4B-00C04F79EFBC}") = "WorkshopDemoAPI.DAL", "WorkshopDemoAPI.DAL\WorkshopDemoAPI.DAL.csproj", "{405475DF-4D26-49DB-A9B7-C28086747F86}"
EndProject
Project("{FAE04EC0-301F-11D3-BF4B-00C04F79EFBC}") = "WorkshopDemoAPI.Application", "WorkshopDemoAPI.Application\WorkshopDemoAPI.Application.csproj", "{BF835305-C423-4A5E-9C50-26F226151AEF}"
EndProject
Global
	GlobalSection(SolutionConfigurationPlatforms) = preSolution
		Debug|Any CPU = Debug|Any CPU
		Release|Any CPU = Release|Any CPU
	EndGlobalSection
	GlobalSection(SolutionProperties) = preSolution
		HideSolutionNode = FALSE
	EndGlobalSection
	GlobalSection(ProjectConfigurationPlatforms) = postSolution
		{B996ED24-0B04-4ABC-AE39-4C22F4D1561E}.Debug|Any CPU.ActiveCfg = Debug|Any CPU
		{B996ED24-0B04-4ABC-AE39-4C22F4D1561E}.Debug|Any CPU.Build.0 = Debug|Any CPU
		{B996ED24-0B04-4ABC-AE39-4C22F4D1561E}.Release|Any CPU.ActiveCfg = Release|Any CPU
		{B996ED24-0B04-4ABC-AE39-4C22F4D1561E}.Release|Any CPU.Build.0 = Release|Any CPU
		{405475DF-4D26-49DB-A9B7-C28086747F86}.Debug|Any CPU.ActiveCfg = Debug|Any CPU
		{405475DF-4D26-49DB-A9B7-C28086747F86}.Debug|Any CPU.Build.0 = Debug|Any CPU
		{405475DF-4D26-49DB-A9B7-C28086747F86}.Release|Any CPU.ActiveCfg = Release|Any CPU
		{405475DF-4D26-49DB-A9B7-C28086747F86}.Release|Any CPU.Build.0 = Release|Any CPU
		{BF835305-C423-4A5E-9C50-26F226151AEF}.Debug|Any CPU.ActiveCfg = Debug|Any CPU
		{BF835305-C423-4A5E-9C50-26F226151AEF}.Debug|Any CPU.Build.0 = Debug|Any CPU
		{BF835305-C423-4A5E-9C50-26F226151AEF}.Release|Any CPU.ActiveCfg = Release|Any CPU
		{BF835305-C423-4A5E-9C50-26F226151AEF}.Release|Any CPU.Build.0 = Release|Any CPU
	EndGlobalSection
EndGlobal
